
Microsoft Visual Studio Solution File, Format Version 12.00
# Visual Studio Version 16
VisualStudioVersion = 16.0.32126.315
MinimumVisualStudioVersion = 10.0.40219.1
Project("{FAE04EC0-301F-11D3-BF4B-00C04F79EFBC}") = "DapperLibrary", "DapperLibrary\DapperLibrary.csproj", "{82FBC4B5-BC21-4C8D-BEB9-447EFDA4372E}"
EndProject
Global
	GlobalSection(SolutionConfigurationPlatforms) = preSolution
		Debug|Any CPU = Debug|Any CPU
		Release|Any CPU = Release|Any CPU
	EndGlobalSection
	GlobalSection(ProjectConfigurationPlatforms) = postSolution
		{82FBC4B5-BC21-4C8D-BEB9-447EFDA4372E}.Debug|Any CPU.ActiveCfg = Debug|Any CPU
		{82FBC4B5-BC21-4C8D-BEB9-447EFDA4372E}.Debug|Any CPU.Build.0 = Debug|Any CPU
		{82FBC4B5-BC21-4C8D-BEB9-447EFDA4372E}.Release|Any CPU.ActiveCfg = Release|Any CPU
		{82FBC4B5-BC21-4C8D-BEB9-447EFDA4372E}.Release|Any CPU.Build.0 = Release|Any CPU
	EndGlobalSection
	GlobalSection(SolutionProperties) = preSolution
		HideSolutionNode = FALSE
	EndGlobalSection
	GlobalSection(ExtensibilityGlobals) = postSolution
		SolutionGuid = {D1450D56-F48B-4F57-BFE7-B7E593473326}
	EndGlobalSection
EndGlobal
